
Microsoft Visual Studio Solution File, Format Version 12.00
# Visual Studio Version 17
VisualStudioVersion = 17.0.32014.148
MinimumVisualStudioVersion = 10.0.40219.1
Project("{FAE04EC0-301F-11D3-BF4B-00C04F79EFBC}") = "ConsoleApp2", "ConsoleApp2.csproj", "{CC73E042-AB30-49ED-B057-3BEC21DB949C}"
EndProject
Global
	GlobalSection(SolutionConfigurationPlatforms) = preSolution
		Debug|Any CPU = Debug|Any CPU
		Release|Any CPU = Release|Any CPU
	EndGlobalSection
	GlobalSection(ProjectConfigurationPlatforms) = postSolution
		{CC73E042-AB30-49ED-B057-3BEC21DB949C}.Debug|Any CPU.ActiveCfg = Debug|Any CPU
		{CC73E042-AB30-49ED-B057-3BEC21DB949C}.Debug|Any CPU.Build.0 = Debug|Any CPU
		{CC73E042-AB30-49ED-B057-3BEC21DB949C}.Release|Any CPU.ActiveCfg = Release|Any CPU
		{CC73E042-AB30-49ED-B057-3BEC21DB949C}.Release|Any CPU.Build.0 = Release|Any CPU
	EndGlobalSection
	GlobalSection(SolutionProperties) = preSolution
		HideSolutionNode = FALSE
	EndGlobalSection
	GlobalSection(ExtensibilityGlobals) = postSolution
		SolutionGuid = {E97B2F7D-1E7F-4840-9969-0D9520E7B580}
	EndGlobalSection
EndGlobal
